
Microsoft Visual Studio Solution File, Format Version 12.00
# Visual Studio Version 17
VisualStudioVersion = 17.14.36414.22
MinimumVisualStudioVersion = 10.0.40219.1
Project("{FAE04EC0-301F-11D3-BF4B-00C04F79EFBC}") = "WMS_DEPI_GRAD", "WMS_DEPI_GRAD.csproj", "{DC43B1FB-6449-45A2-A8D0-1BDE8DCA62C6}"
EndProject
Project("{FAE04EC0-301F-11D3-BF4B-00C04F79EFBC}") = "WMS.DAL", "..\WMS.DL\WMS.DAL.csproj", "{1A732FF6-C2DC-482F-8925-ED396049F350}"
EndProject
Global
	GlobalSection(SolutionConfigurationPlatforms) = preSolution
		Debug|Any CPU = Debug|Any CPU
		Release|Any CPU = Release|Any CPU
	EndGlobalSection
	GlobalSection(ProjectConfigurationPlatforms) = postSolution
		{DC43B1FB-6449-45A2-A8D0-1BDE8DCA62C6}.Debug|Any CPU.ActiveCfg = Debug|Any CPU
		{DC43B1FB-6449-45A2-A8D0-1BDE8DCA62C6}.Debug|Any CPU.Build.0 = Debug|Any CPU
		{DC43B1FB-6449-45A2-A8D0-1BDE8DCA62C6}.Release|Any CPU.ActiveCfg = Release|Any CPU
		{DC43B1FB-6449-45A2-A8D0-1BDE8DCA62C6}.Release|Any CPU.Build.0 = Release|Any CPU
		{1A732FF6-C2DC-482F-8925-ED396049F350}.Debug|Any CPU.ActiveCfg = Debug|Any CPU
		{1A732FF6-C2DC-482F-8925-ED396049F350}.Debug|Any CPU.Build.0 = Debug|Any CPU
		{1A732FF6-C2DC-482F-8925-ED396049F350}.Release|Any CPU.ActiveCfg = Release|Any CPU
		{1A732FF6-C2DC-482F-8925-ED396049F350}.Release|Any CPU.Build.0 = Release|Any CPU
	EndGlobalSection
	GlobalSection(SolutionProperties) = preSolution
		HideSolutionNode = FALSE
	EndGlobalSection
	GlobalSection(ExtensibilityGlobals) = postSolution
		SolutionGuid = {148BBB9E-5E21-4C17-9C31-944AFC3D8627}
	EndGlobalSection
EndGlobal
